
Microsoft Visual Studio Solution File, Format Version 11.00
# Visual Studio 2010
Project("{F2A71F9B-5D33-465A-A702-920D77279786}") = "Pit.Tests", "core\src\Pit.Tests.fsproj", "{9A068E73-BBEA-46B9-A1EA-1A6B8A7B0159}"
EndProject
Project("{FAE04EC0-301F-11D3-BF4B-00C04F79EFBC}") = "Pit.Tests.Web", "core\web\Pit.Tests.Web.csproj", "{E80633C5-2038-44C2-B9F6-42E3C81E6336}"
EndProject
Project("{F2A71F9B-5D33-465A-A702-920D77279786}") = "Pit.Compiler.Core", "..\..\src\Pit.Compiler.Core\Pit.Compiler.Core.fsproj", "{5CF9D73F-07D6-4663-B61F-365CE7DC1491}"
EndProject
Project("{F2A71F9B-5D33-465A-A702-920D77279786}") = "Pit.Core", "..\..\src\Pit.Core\Pit.Core.fsproj", "{9075ED59-7975-4E2F-A44E-35FE8B4CABC8}"
EndProject
Project("{F2A71F9B-5D33-465A-A702-920D77279786}") = "Pit.Common", "..\..\src\Pit.Common\Pit.Common.fsproj", "{D8471F0A-B4AC-45FB-A701-BBE23DF50814}"
EndProject
Global
	GlobalSection(SolutionConfigurationPlatforms) = preSolution
		Debug|Any CPU = Debug|Any CPU
		Debug|Mixed Platforms = Debug|Mixed Platforms
		Debug|x86 = Debug|x86
		Release|Any CPU = Release|Any CPU
		Release|Mixed Platforms = Release|Mixed Platforms
		Release|x86 = Release|x86
	EndGlobalSection
	GlobalSection(ProjectConfigurationPlatforms) = postSolution
		{5CF9D73F-07D6-4663-B61F-365CE7DC1491}.Debug|Any CPU.ActiveCfg = Debug|Any CPU
		{5CF9D73F-07D6-4663-B61F-365CE7DC1491}.Debug|Any CPU.Build.0 = Debug|Any CPU
		{5CF9D73F-07D6-4663-B61F-365CE7DC1491}.Debug|Mixed Platforms.ActiveCfg = Debug|Any CPU
		{5CF9D73F-07D6-4663-B61F-365CE7DC1491}.Debug|Mixed Platforms.Build.0 = Debug|Any CPU
		{5CF9D73F-07D6-4663-B61F-365CE7DC1491}.Debug|x86.ActiveCfg = Debug|Any CPU
		{5CF9D73F-07D6-4663-B61F-365CE7DC1491}.Release|Any CPU.ActiveCfg = Release|Any CPU
		{5CF9D73F-07D6-4663-B61F-365CE7DC1491}.Release|Any CPU.Build.0 = Release|Any CPU
		{5CF9D73F-07D6-4663-B61F-365CE7DC1491}.Release|Mixed Platforms.ActiveCfg = Release|Any CPU
		{5CF9D73F-07D6-4663-B61F-365CE7DC1491}.Release|Mixed Platforms.Build.0 = Release|Any CPU
		{5CF9D73F-07D6-4663-B61F-365CE7DC1491}.Release|x86.ActiveCfg = Release|Any CPU
		{9075ED59-7975-4E2F-A44E-35FE8B4CABC8}.Debug|Any CPU.ActiveCfg = Debug|Any CPU
		{9075ED59-7975-4E2F-A44E-35FE8B4CABC8}.Debug|Any CPU.Build.0 = Debug|Any CPU
		{9075ED59-7975-4E2F-A44E-35FE8B4CABC8}.Debug|Mixed Platforms.ActiveCfg = Debug|Any CPU
		{9075ED59-7975-4E2F-A44E-35FE8B4CABC8}.Debug|Mixed Platforms.Build.0 = Debug|Any CPU
		{9075ED59-7975-4E2F-A44E-35FE8B4CABC8}.Debug|x86.ActiveCfg = Debug|Any CPU
		{9075ED59-7975-4E2F-A44E-35FE8B4CABC8}.Release|Any CPU.ActiveCfg = Release|Any CPU
		{9075ED59-7975-4E2F-A44E-35FE8B4CABC8}.Release|Any CPU.Build.0 = Release|Any CPU
		{9075ED59-7975-4E2F-A44E-35FE8B4CABC8}.Release|Mixed Platforms.ActiveCfg = Release|Any CPU
		{9075ED59-7975-4E2F-A44E-35FE8B4CABC8}.Release|Mixed Platforms.Build.0 = Release|Any CPU
		{9075ED59-7975-4E2F-A44E-35FE8B4CABC8}.Release|x86.ActiveCfg = Release|Any CPU
		{D8471F0A-B4AC-45FB-A701-BBE23DF50814}.Debug|Any CPU.ActiveCfg = Debug|Any CPU
		{D8471F0A-B4AC-45FB-A701-BBE23DF50814}.Debug|Any CPU.Build.0 = Debug|Any CPU
		{D8471F0A-B4AC-45FB-A701-BBE23DF50814}.Debug|Mixed Platforms.ActiveCfg = Debug|Any CPU
		{D8471F0A-B4AC-45FB-A701-BBE23DF50814}.Debug|Mixed Platforms.Build.0 = Debug|Any CPU
		{D8471F0A-B4AC-45FB-A701-BBE23DF50814}.Debug|x86.ActiveCfg = Debug|Any CPU
		{D8471F0A-B4AC-45FB-A701-BBE23DF50814}.Release|Any CPU.ActiveCfg = Release|Any CPU
		{D8471F0A-B4AC-45FB-A701-BBE23DF50814}.Release|Any CPU.Build.0 = Release|Any CPU
		{D8471F0A-B4AC-45FB-A701-BBE23DF50814}.Release|Mixed Platforms.ActiveCfg = Release|Any CPU
		{D8471F0A-B4AC-45FB-A701-BBE23DF50814}.Release|Mixed Platforms.Build.0 = Release|Any CPU
		{D8471F0A-B4AC-45FB-A701-BBE23DF50814}.Release|x86.ActiveCfg = Release|Any CPU
		{9A068E73-BBEA-46B9-A1EA-1A6B8A7B0159}.Debug|Any CPU.ActiveCfg = Debug|x86
		{9A068E73-BBEA-46B9-A1EA-1A6B8A7B0159}.Debug|Mixed Platforms.ActiveCfg = Debug|x86
		{9A068E73-BBEA-46B9-A1EA-1A6B8A7B0159}.Debug|Mixed Platforms.Build.0 = Debug|x86
		{9A068E73-BBEA-46B9-A1EA-1A6B8A7B0159}.Debug|x86.ActiveCfg = Debug|x86
		{9A068E73-BBEA-46B9-A1EA-1A6B8A7B0159}.Debug|x86.Build.0 = Debug|x86
		{9A068E73-BBEA-46B9-A1EA-1A6B8A7B0159}.Release|Any CPU.ActiveCfg = Release|x86
		{9A068E73-BBEA-46B9-A1EA-1A6B8A7B0159}.Release|Mixed Platforms.ActiveCfg = Release|x86
		{9A068E73-BBEA-46B9-A1EA-1A6B8A7B0159}.Release|Mixed Platforms.Build.0 = Release|x86
		{9A068E73-BBEA-46B9-A1EA-1A6B8A7B0159}.Release|x86.ActiveCfg = Release|x86
		{9A068E73-BBEA-46B9-A1EA-1A6B8A7B0159}.Release|x86.Build.0 = Release|x86
		{E80633C5-2038-44C2-B9F6-42E3C81E6336}.Debug|Any CPU.ActiveCfg = Debug|Any CPU
		{E80633C5-2038-44C2-B9F6-42E3C81E6336}.Debug|Any CPU.Build.0 = Debug|Any CPU
		{E80633C5-2038-44C2-B9F6-42E3C81E6336}.Debug|Mixed Platforms.ActiveCfg = Debug|Any CPU
		{E80633C5-2038-44C2-B9F6-42E3C81E6336}.Debug|Mixed Platforms.Build.0 = Debug|Any CPU
		{E80633C5-2038-44C2-B9F6-42E3C81E6336}.Debug|x86.ActiveCfg = Debug|Any CPU
		{E80633C5-2038-44C2-B9F6-42E3C81E6336}.Release|Any CPU.ActiveCfg = Release|Any CPU
		{E80633C5-2038-44C2-B9F6-42E3C81E6336}.Release|Any CPU.Build.0 = Release|Any CPU
		{E80633C5-2038-44C2-B9F6-42E3C81E6336}.Release|Mixed Platforms.ActiveCfg = Release|Any CPU
		{E80633C5-2038-44C2-B9F6-42E3C81E6336}.Release|Mixed Platforms.Build.0 = Release|Any CPU
		{E80633C5-2038-44C2-B9F6-42E3C81E6336}.Release|x86.ActiveCfg = Release|Any CPU
	EndGlobalSection
	GlobalSection(SolutionProperties) = preSolution
		HideSolutionNode = FALSE
	EndGlobalSection
EndGlobal
