
Microsoft Visual Studio Solution File, Format Version 11.00
# Visual Studio 2010
Project("{FAE04EC0-301F-11D3-BF4B-00C04F79EFBC}") = "Pit.Chart.Web", "Pit.Chart.Web\Pit.Chart.Web.csproj", "{75404DDD-A270-4F85-879F-6817F82C3813}"
EndProject
Project("{F2A71F9B-5D33-465A-A702-920D77279786}") = "Pit.Chart", "Pit.Chart\Pit.Chart.fsproj", "{508ED786-2B59-431F-A7B3-A6F661260749}"
EndProject
Global
	GlobalSection(SolutionConfigurationPlatforms) = preSolution
		Debug|Any CPU = Debug|Any CPU
		Release|Any CPU = Release|Any CPU
	EndGlobalSection
	GlobalSection(ProjectConfigurationPlatforms) = postSolution
		{75404DDD-A270-4F85-879F-6817F82C3813}.Debug|Any CPU.ActiveCfg = Debug|Any CPU
		{75404DDD-A270-4F85-879F-6817F82C3813}.Debug|Any CPU.Build.0 = Debug|Any CPU
		{75404DDD-A270-4F85-879F-6817F82C3813}.Release|Any CPU.ActiveCfg = Release|Any CPU
		{75404DDD-A270-4F85-879F-6817F82C3813}.Release|Any CPU.Build.0 = Release|Any CPU
		{508ED786-2B59-431F-A7B3-A6F661260749}.Debug|Any CPU.ActiveCfg = Debug|Any CPU
		{508ED786-2B59-431F-A7B3-A6F661260749}.Debug|Any CPU.Build.0 = Debug|Any CPU
		{508ED786-2B59-431F-A7B3-A6F661260749}.Release|Any CPU.ActiveCfg = Release|Any CPU
		{508ED786-2B59-431F-A7B3-A6F661260749}.Release|Any CPU.Build.0 = Release|Any CPU
	EndGlobalSection
	GlobalSection(SolutionProperties) = preSolution
		HideSolutionNode = FALSE
	EndGlobalSection
EndGlobal
