
Microsoft Visual Studio Solution File, Format Version 11.00
# Visual Studio 2010
Project("{FAE04EC0-301F-11D3-BF4B-00C04F79EFBC}") = "CalculatorApp.Web", "CalculatorApp.Web\CalculatorApp.Web.csproj", "{69EA7878-2333-42BD-A384-27E95E155A2E}"
EndProject
Project("{F2A71F9B-5D33-465A-A702-920D77279786}") = "CalculatorApp", "CalculatorApp\CalculatorApp.fsproj", "{85C764B3-1DD9-4599-9BA6-BC5550993333}"
EndProject
Global
	GlobalSection(SolutionConfigurationPlatforms) = preSolution
		Debug|Any CPU = Debug|Any CPU
		Release|Any CPU = Release|Any CPU
	EndGlobalSection
	GlobalSection(ProjectConfigurationPlatforms) = postSolution
		{69EA7878-2333-42BD-A384-27E95E155A2E}.Debug|Any CPU.ActiveCfg = Debug|Any CPU
		{69EA7878-2333-42BD-A384-27E95E155A2E}.Debug|Any CPU.Build.0 = Debug|Any CPU
		{69EA7878-2333-42BD-A384-27E95E155A2E}.Release|Any CPU.ActiveCfg = Release|Any CPU
		{69EA7878-2333-42BD-A384-27E95E155A2E}.Release|Any CPU.Build.0 = Release|Any CPU
		{85C764B3-1DD9-4599-9BA6-BC5550993333}.Debug|Any CPU.ActiveCfg = Debug|Any CPU
		{85C764B3-1DD9-4599-9BA6-BC5550993333}.Debug|Any CPU.Build.0 = Debug|Any CPU
		{85C764B3-1DD9-4599-9BA6-BC5550993333}.Release|Any CPU.ActiveCfg = Release|Any CPU
		{85C764B3-1DD9-4599-9BA6-BC5550993333}.Release|Any CPU.Build.0 = Release|Any CPU
	EndGlobalSection
	GlobalSection(SolutionProperties) = preSolution
		HideSolutionNode = FALSE
	EndGlobalSection
EndGlobal
